
Microsoft Visual Studio Solution File, Format Version 12.00
# Visual Studio Version 17
VisualStudioVersion = 17.7.34031.279
MinimumVisualStudioVersion = 10.0.40219.1
Project("{FAE04EC0-301F-11D3-BF4B-00C04F79EFBC}") = "7", "7\7.csproj", "{4313C384-B845-4586-AB9D-0F3BDE9D8CE2}"
EndProject
Global
	GlobalSection(SolutionConfigurationPlatforms) = preSolution
		Debug|Any CPU = Debug|Any CPU
		Release|Any CPU = Release|Any CPU
	EndGlobalSection
	GlobalSection(ProjectConfigurationPlatforms) = postSolution
		{4313C384-B845-4586-AB9D-0F3BDE9D8CE2}.Debug|Any CPU.ActiveCfg = Debug|Any CPU
		{4313C384-B845-4586-AB9D-0F3BDE9D8CE2}.Debug|Any CPU.Build.0 = Debug|Any CPU
		{4313C384-B845-4586-AB9D-0F3BDE9D8CE2}.Release|Any CPU.ActiveCfg = Release|Any CPU
		{4313C384-B845-4586-AB9D-0F3BDE9D8CE2}.Release|Any CPU.Build.0 = Release|Any CPU
	EndGlobalSection
	GlobalSection(SolutionProperties) = preSolution
		HideSolutionNode = FALSE
	EndGlobalSection
	GlobalSection(ExtensibilityGlobals) = postSolution
		SolutionGuid = {E90C442A-3406-4C7F-87F6-9709B6020DAD}
	EndGlobalSection
EndGlobal
